
Microsoft Visual Studio Solution File, Format Version 12.00
# Visual Studio 14
VisualStudioVersion = 14.0.25420.1
MinimumVisualStudioVersion = 10.0.40219.1
Project("{FAE04EC0-301F-11D3-BF4B-00C04F79EFBC}") = "HolaMundoSocket", "HolaMundoSocket\HolaMundoSocket.csproj", "{75735661-8750-4131-8227-78FD0874858E}"
EndProject
Project("{FAE04EC0-301F-11D3-BF4B-00C04F79EFBC}") = "ClienteHolaMundoS", "ClienteHolaMundoS\ClienteHolaMundoS.csproj", "{9A7DC439-237A-43C4-930F-9A8F582E2990}"
EndProject
Global
	GlobalSection(SolutionConfigurationPlatforms) = preSolution
		Debug|Any CPU = Debug|Any CPU
		Release|Any CPU = Release|Any CPU
	EndGlobalSection
	GlobalSection(ProjectConfigurationPlatforms) = postSolution
		{75735661-8750-4131-8227-78FD0874858E}.Debug|Any CPU.ActiveCfg = Debug|Any CPU
		{75735661-8750-4131-8227-78FD0874858E}.Debug|Any CPU.Build.0 = Debug|Any CPU
		{75735661-8750-4131-8227-78FD0874858E}.Release|Any CPU.ActiveCfg = Release|Any CPU
		{75735661-8750-4131-8227-78FD0874858E}.Release|Any CPU.Build.0 = Release|Any CPU
		{9A7DC439-237A-43C4-930F-9A8F582E2990}.Debug|Any CPU.ActiveCfg = Debug|Any CPU
		{9A7DC439-237A-43C4-930F-9A8F582E2990}.Debug|Any CPU.Build.0 = Debug|Any CPU
		{9A7DC439-237A-43C4-930F-9A8F582E2990}.Release|Any CPU.ActiveCfg = Release|Any CPU
		{9A7DC439-237A-43C4-930F-9A8F582E2990}.Release|Any CPU.Build.0 = Release|Any CPU
	EndGlobalSection
	GlobalSection(SolutionProperties) = preSolution
		HideSolutionNode = FALSE
	EndGlobalSection
EndGlobal
